// !$*UTF8*$!
{
	archiveVersion = 1;
	classes = {
	};
	objectVersion = 46;
	objects = {

/* Begin PBXBuildFile section */
		9019E8FF1C0E3641005A6BE6 /* BookViewController.m in Sources */ = {isa = PBXBuildFile; fileRef = 9019E8FE1C0E3641005A6BE6 /* BookViewController.m */; };
		9019E9041C0E48EC005A6BE6 /* AvailabilityViewController.m in Sources */ = {isa = PBXBuildFile; fileRef = 9019E9031C0E48EC005A6BE6 /* AvailabilityViewController.m */; };
		9019E9071C0E614D005A6BE6 /* FinalBookingViewController.m in Sources */ = {isa = PBXBuildFile; fileRef = 9019E9061C0E614D005A6BE6 /* FinalBookingViewController.m */; };
		90B88EFA1C0CE8CF00B045CD /* main.m in Sources */ = {isa = PBXBuildFile; fileRef = 90B88EF91C0CE8CF00B045CD /* main.m */; };
		90B88EFD1C0CE8CF00B045CD /* AppDelegate.m in Sources */ = {isa = PBXBuildFile; fileRef = 90B88EFC1C0CE8CF00B045CD /* AppDelegate.m */; };
		90B88F061C0CE8CF00B045CD /* HotelManager.xcdatamodeld in Sources */ = {isa = PBXBuildFile; fileRef = 90B88F041C0CE8CF00B045CD /* HotelManager.xcdatamodeld */; };
		90B88F081C0CE8CF00B045CD /* Assets.xcassets in Resources */ = {isa = PBXBuildFile; fileRef = 90B88F071C0CE8CF00B045CD /* Assets.xcassets */; };
		90B88F0B1C0CE8CF00B045CD /* LaunchScreen.storyboard in Resources */ = {isa = PBXBuildFile; fileRef = 90B88F091C0CE8CF00B045CD /* LaunchScreen.storyboard */; };
		90B88F161C0CE8CF00B045CD /* HotelManagerTests.m in Sources */ = {isa = PBXBuildFile; fileRef = 90B88F151C0CE8CF00B045CD /* HotelManagerTests.m */; };
		90B88F211C0CE8CF00B045CD /* HotelManagerUITests.m in Sources */ = {isa = PBXBuildFile; fileRef = 90B88F201C0CE8CF00B045CD /* HotelManagerUITests.m */; };
		90B88F321C0CE9C100B045CD /* HomeViewController.m in Sources */ = {isa = PBXBuildFile; fileRef = 90B88F311C0CE9C100B045CD /* HomeViewController.m */; };
		90B88F441C0CEF1300B045CD /* Reservation+CoreDataProperties.m in Sources */ = {isa = PBXBuildFile; fileRef = 90B88F351C0CEF1300B045CD /* Reservation+CoreDataProperties.m */; };
		90B88F451C0CEF1300B045CD /* Reservation.m in Sources */ = {isa = PBXBuildFile; fileRef = 90B88F371C0CEF1300B045CD /* Reservation.m */; };
		90B88F461C0CEF1300B045CD /* Room+CoreDataProperties.m in Sources */ = {isa = PBXBuildFile; fileRef = 90B88F391C0CEF1300B045CD /* Room+CoreDataProperties.m */; };
		90B88F471C0CEF1300B045CD /* Room.m in Sources */ = {isa = PBXBuildFile; fileRef = 90B88F3B1C0CEF1300B045CD /* Room.m */; };
		90B88F481C0CEF1300B045CD /* Guest+CoreDataProperties.m in Sources */ = {isa = PBXBuildFile; fileRef = 90B88F3D1C0CEF1300B045CD /* Guest+CoreDataProperties.m */; };
		90B88F491C0CEF1300B045CD /* Guest.m in Sources */ = {isa = PBXBuildFile; fileRef = 90B88F3F1C0CEF1300B045CD /* Guest.m */; };
		90B88F4A1C0CEF1300B045CD /* Hotel+CoreDataProperties.m in Sources */ = {isa = PBXBuildFile; fileRef = 90B88F411C0CEF1300B045CD /* Hotel+CoreDataProperties.m */; };
		90B88F4B1C0CEF1300B045CD /* Hotel.m in Sources */ = {isa = PBXBuildFile; fileRef = 90B88F431C0CEF1300B045CD /* Hotel.m */; };
		90B88F4E1C0CF3EC00B045CD /* hotels.json in Resources */ = {isa = PBXBuildFile; fileRef = 90B88F4D1C0CF3EC00B045CD /* hotels.json */; };
		90B88F511C0D0E9300B045CD /* HotelsViewController.m in Sources */ = {isa = PBXBuildFile; fileRef = 90B88F501C0D0E9300B045CD /* HotelsViewController.m */; };
		90B88F531C0D1B7D00B045CD /* badHotel.jpg in Resources */ = {isa = PBXBuildFile; fileRef = 90B88F521C0D1B7D00B045CD /* badHotel.jpg */; };
		90B88F551C0D1B8A00B045CD /* hotelRoom.jpg in Resources */ = {isa = PBXBuildFile; fileRef = 90B88F541C0D1B8A00B045CD /* hotelRoom.jpg */; };
		90B88F581C0D1D7300B045CD /* RoomsViewController.m in Sources */ = {isa = PBXBuildFile; fileRef = 90B88F571C0D1D7300B045CD /* RoomsViewController.m */; };
/* End PBXBuildFile section */

/* Begin PBXContainerItemProxy section */
		90B88F121C0CE8CF00B045CD /* PBXContainerItemProxy */ = {
			isa = PBXContainerItemProxy;
			containerPortal = 90B88EED1C0CE8CF00B045CD /* Project object */;
			proxyType = 1;
			remoteGlobalIDString = 90B88EF41C0CE8CF00B045CD;
			remoteInfo = HotelManager;
		};
		90B88F1D1C0CE8CF00B045CD /* PBXContainerItemProxy */ = {
			isa = PBXContainerItemProxy;
			containerPortal = 90B88EED1C0CE8CF00B045CD /* Project object */;
			proxyType = 1;
			remoteGlobalIDString = 90B88EF41C0CE8CF00B045CD;
			remoteInfo = HotelManager;
		};
/* End PBXContainerItemProxy section */

/* Begin PBXFileReference section */
		9019E8FD1C0E3641005A6BE6 /* BookViewController.h */ = {isa = PBXFileReference; fileEncoding = 4; lastKnownFileType = sourcecode.c.h; path = BookViewController.h; sourceTree = "<group>"; };
		9019E8FE1C0E3641005A6BE6 /* BookViewController.m */ = {isa = PBXFileReference; fileEncoding = 4; lastKnownFileType = sourcecode.c.objc; path = BookViewController.m; sourceTree = "<group>"; };
		9019E9021C0E48EC005A6BE6 /* AvailabilityViewController.h */ = {isa = PBXFileReference; fileEncoding = 4; lastKnownFileType = sourcecode.c.h; path = AvailabilityViewController.h; sourceTree = "<group>"; };
		9019E9031C0E48EC005A6BE6 /* AvailabilityViewController.m */ = {isa = PBXFileReference; fileEncoding = 4; lastKnownFileType = sourcecode.c.objc; path = AvailabilityViewController.m; sourceTree = "<group>"; };
		9019E9051C0E614D005A6BE6 /* FinalBookingViewController.h */ = {isa = PBXFileReference; fileEncoding = 4; lastKnownFileType = sourcecode.c.h; path = FinalBookingViewController.h; sourceTree = "<group>"; };
		9019E9061C0E614D005A6BE6 /* FinalBookingViewController.m */ = {isa = PBXFileReference; fileEncoding = 4; lastKnownFileType = sourcecode.c.objc; path = FinalBookingViewController.m; sourceTree = "<group>"; };
		90B88EF51C0CE8CF00B045CD /* HotelManager.app */ = {isa = PBXFileReference; explicitFileType = wrapper.application; includeInIndex = 0; path = HotelManager.app; sourceTree = BUILT_PRODUCTS_DIR; };
		90B88EF91C0CE8CF00B045CD /* main.m */ = {isa = PBXFileReference; lastKnownFileType = sourcecode.c.objc; path = main.m; sourceTree = "<group>"; };
		90B88EFB1C0CE8CF00B045CD /* AppDelegate.h */ = {isa = PBXFileReference; lastKnownFileType = sourcecode.c.h; path = AppDelegate.h; sourceTree = "<group>"; };
		90B88EFC1C0CE8CF00B045CD /* AppDelegate.m */ = {isa = PBXFileReference; lastKnownFileType = sourcecode.c.objc; path = AppDelegate.m; sourceTree = "<group>"; };
		90B88F051C0CE8CF00B045CD /* HotelManager.xcdatamodel */ = {isa = PBXFileReference; lastKnownFileType = wrapper.xcdatamodel; path = HotelManager.xcdatamodel; sourceTree = "<group>"; };
		90B88F071C0CE8CF00B045CD /* Assets.xcassets */ = {isa = PBXFileReference; lastKnownFileType = folder.assetcatalog; path = Assets.xcassets; sourceTree = "<group>"; };
		90B88F0A1C0CE8CF00B045CD /* Base */ = {isa = PBXFileReference; lastKnownFileType = file.storyboard; name = Base; path = Base.lproj/LaunchScreen.storyboard; sourceTree = "<group>"; };
		90B88F0C1C0CE8CF00B045CD /* Info.plist */ = {isa = PBXFileReference; lastKnownFileType = text.plist.xml; path = Info.plist; sourceTree = "<group>"; };
		90B88F111C0CE8CF00B045CD /* HotelManagerTests.xctest */ = {isa = PBXFileReference; explicitFileType = wrapper.cfbundle; includeInIndex = 0; path = HotelManagerTests.xctest; sourceTree = BUILT_PRODUCTS_DIR; };
		90B88F151C0CE8CF00B045CD /* HotelManagerTests.m */ = {isa = PBXFileReference; lastKnownFileType = sourcecode.c.objc; path = HotelManagerTests.m; sourceTree = "<group>"; };
		90B88F171C0CE8CF00B045CD /* Info.plist */ = {isa = PBXFileReference; lastKnownFileType = text.plist.xml; path = Info.plist; sourceTree = "<group>"; };
		90B88F1C1C0CE8CF00B045CD /* HotelManagerUITests.xctest */ = {isa = PBXFileReference; explicitFileType = wrapper.cfbundle; includeInIndex = 0; path = HotelManagerUITests.xctest; sourceTree = BUILT_PRODUCTS_DIR; };
		90B88F201C0CE8CF00B045CD /* HotelManagerUITests.m */ = {isa = PBXFileReference; lastKnownFileType = sourcecode.c.objc; path = HotelManagerUITests.m; sourceTree = "<group>"; };
		90B88F221C0CE8CF00B045CD /* Info.plist */ = {isa = PBXFileReference; lastKnownFileType = text.plist.xml; path = Info.plist; sourceTree = "<group>"; };
		90B88F301C0CE9C100B045CD /* HomeViewController.h */ = {isa = PBXFileReference; fileEncoding = 4; lastKnownFileType = sourcecode.c.h; name = HomeViewController.h; path = HotelManager/HomeViewController.h; sourceTree = "<group>"; };
		90B88F311C0CE9C100B045CD /* HomeViewController.m */ = {isa = PBXFileReference; fileEncoding = 4; lastKnownFileType = sourcecode.c.objc; name = HomeViewController.m; path = HotelManager/HomeViewController.m; sourceTree = "<group>"; };
		90B88F341C0CEF1300B045CD /* Reservation+CoreDataProperties.h */ = {isa = PBXFileReference; fileEncoding = 4; lastKnownFileType = sourcecode.c.h; path = "Reservation+CoreDataProperties.h"; sourceTree = "<group>"; };
		90B88F351C0CEF1300B045CD /* Reservation+CoreDataProperties.m */ = {isa = PBXFileReference; fileEncoding = 4; lastKnownFileType = sourcecode.c.objc; path = "Reservation+CoreDataProperties.m"; sourceTree = "<group>"; };
		90B88F361C0CEF1300B045CD /* Reservation.h */ = {isa = PBXFileReference; fileEncoding = 4; lastKnownFileType = sourcecode.c.h; path = Reservation.h; sourceTree = "<group>"; };
		90B88F371C0CEF1300B045CD /* Reservation.m */ = {isa = PBXFileReference; fileEncoding = 4; lastKnownFileType = sourcecode.c.objc; path = Reservation.m; sourceTree = "<group>"; };
		90B88F381C0CEF1300B045CD /* Room+CoreDataProperties.h */ = {isa = PBXFileReference; fileEncoding = 4; lastKnownFileType = sourcecode.c.h; path = "Room+CoreDataProperties.h"; sourceTree = "<group>"; };
		90B88F391C0CEF1300B045CD /* Room+CoreDataProperties.m */ = {isa = PBXFileReference; fileEncoding = 4; lastKnownFileType = sourcecode.c.objc; path = "Room+CoreDataProperties.m"; sourceTree = "<group>"; };
		90B88F3A1C0CEF1300B045CD /* Room.h */ = {isa = PBXFileReference; fileEncoding = 4; lastKnownFileType = sourcecode.c.h; path = Room.h; sourceTree = "<group>"; };
		90B88F3B1C0CEF1300B045CD /* Room.m */ = {isa = PBXFileReference; fileEncoding = 4; lastKnownFileType = sourcecode.c.objc; path = Room.m; sourceTree = "<group>"; };
		90B88F3C1C0CEF1300B045CD /* Guest+CoreDataProperties.h */ = {isa = PBXFileReference; fileEncoding = 4; lastKnownFileType = sourcecode.c.h; path = "Guest+CoreDataProperties.h"; sourceTree = "<group>"; };
		90B88F3D1C0CEF1300B045CD /* Guest+CoreDataProperties.m */ = {isa = PBXFileReference; fileEncoding = 4; lastKnownFileType = sourcecode.c.objc; path = "Guest+CoreDataProperties.m"; sourceTree = "<group>"; };
		90B88F3E1C0CEF1300B045CD /* Guest.h */ = {isa = PBXFileReference; fileEncoding = 4; lastKnownFileType = sourcecode.c.h; path = Guest.h; sourceTree = "<group>"; };
		90B88F3F1C0CEF1300B045CD /* Guest.m */ = {isa = PBXFileReference; fileEncoding = 4; lastKnownFileType = sourcecode.c.objc; path = Guest.m; sourceTree = "<group>"; };
		90B88F401C0CEF1300B045CD /* Hotel+CoreDataProperties.h */ = {isa = PBXFileReference; fileEncoding = 4; lastKnownFileType = sourcecode.c.h; path = "Hotel+CoreDataProperties.h"; sourceTree = "<group>"; };
		90B88F411C0CEF1300B045CD /* Hotel+CoreDataProperties.m */ = {isa = PBXFileReference; fileEncoding = 4; lastKnownFileType = sourcecode.c.objc; path = "Hotel+CoreDataProperties.m"; sourceTree = "<group>"; };
		90B88F421C0CEF1300B045CD /* Hotel.h */ = {isa = PBXFileReference; fileEncoding = 4; lastKnownFileType = sourcecode.c.h; path = Hotel.h; sourceTree = "<group>"; };
		90B88F431C0CEF1300B045CD /* Hotel.m */ = {isa = PBXFileReference; fileEncoding = 4; lastKnownFileType = sourcecode.c.objc; path = Hotel.m; sourceTree = "<group>"; };
		90B88F4D1C0CF3EC00B045CD /* hotels.json */ = {isa = PBXFileReference; fileEncoding = 4; lastKnownFileType = text.json; path = hotels.json; sourceTree = "<group>"; };
		90B88F4F1C0D0E9300B045CD /* HotelsViewController.h */ = {isa = PBXFileReference; fileEncoding = 4; lastKnownFileType = sourcecode.c.h; path = HotelsViewController.h; sourceTree = "<group>"; };
		90B88F501C0D0E9300B045CD /* HotelsViewController.m */ = {isa = PBXFileReference; fileEncoding = 4; lastKnownFileType = sourcecode.c.objc; path = HotelsViewController.m; sourceTree = "<group>"; };
		90B88F521C0D1B7D00B045CD /* badHotel.jpg */ = {isa = PBXFileReference; lastKnownFileType = image.jpeg; path = badHotel.jpg; sourceTree = "<group>"; };
		90B88F541C0D1B8A00B045CD /* hotelRoom.jpg */ = {isa = PBXFileReference; lastKnownFileType = image.jpeg; path = hotelRoom.jpg; sourceTree = "<group>"; };
		90B88F561C0D1D7300B045CD /* RoomsViewController.h */ = {isa = PBXFileReference; fileEncoding = 4; lastKnownFileType = sourcecode.c.h; path = RoomsViewController.h; sourceTree = "<group>"; };
		90B88F571C0D1D7300B045CD /* RoomsViewController.m */ = {isa = PBXFileReference; fileEncoding = 4; lastKnownFileType = sourcecode.c.objc; path = RoomsViewController.m; sourceTree = "<group>"; };
/* End PBXFileReference section */

/* Begin PBXFrameworksBuildPhase section */
		90B88EF21C0CE8CF00B045CD /* Frameworks */ = {
			isa = PBXFrameworksBuildPhase;
			buildActionMask = 2147483647;
			files = (
			);
			runOnlyForDeploymentPostprocessing = 0;
		};
		90B88F0E1C0CE8CF00B045CD /* Frameworks */ = {
			isa = PBXFrameworksBuildPhase;
			buildActionMask = 2147483647;
			files = (
			);
			runOnlyForDeploymentPostprocessing = 0;
		};
		90B88F191C0CE8CF00B045CD /* Frameworks */ = {
			isa = PBXFrameworksBuildPhase;
			buildActionMask = 2147483647;
			files = (
			);
			runOnlyForDeploymentPostprocessing = 0;
		};
/* End PBXFrameworksBuildPhase section */

/* Begin PBXGroup section */
		9019E9001C0E48D2005A6BE6 /* Browse */ = {
			isa = PBXGroup;
			children = (
				90B88F4F1C0D0E9300B045CD /* HotelsViewController.h */,
				90B88F501C0D0E9300B045CD /* HotelsViewController.m */,
				90B88F561C0D1D7300B045CD /* RoomsViewController.h */,
				90B88F571C0D1D7300B045CD /* RoomsViewController.m */,
			);
			name = Browse;
			sourceTree = "<group>";
		};
		9019E9011C0E48DA005A6BE6 /* Book */ = {
			isa = PBXGroup;
			children = (
				9019E8FD1C0E3641005A6BE6 /* BookViewController.h */,
				9019E8FE1C0E3641005A6BE6 /* BookViewController.m */,
				9019E9021C0E48EC005A6BE6 /* AvailabilityViewController.h */,
				9019E9031C0E48EC005A6BE6 /* AvailabilityViewController.m */,
				9019E9051C0E614D005A6BE6 /* FinalBookingViewController.h */,
				9019E9061C0E614D005A6BE6 /* FinalBookingViewController.m */,
			);
			name = Book;
			sourceTree = "<group>";
		};
		90B88EEC1C0CE8CF00B045CD = {
			isa = PBXGroup;
			children = (
				90B88EF71C0CE8CF00B045CD /* HotelManager */,
				90B88F141C0CE8CF00B045CD /* HotelManagerTests */,
				90B88F1F1C0CE8CF00B045CD /* HotelManagerUITests */,
				90B88EF61C0CE8CF00B045CD /* Products */,
			);
			sourceTree = "<group>";
		};
		90B88EF61C0CE8CF00B045CD /* Products */ = {
			isa = PBXGroup;
			children = (
				90B88EF51C0CE8CF00B045CD /* HotelManager.app */,
				90B88F111C0CE8CF00B045CD /* HotelManagerTests.xctest */,
				90B88F1C1C0CE8CF00B045CD /* HotelManagerUITests.xctest */,
			);
			name = Products;
			sourceTree = "<group>";
		};
		90B88EF71C0CE8CF00B045CD /* HotelManager */ = {
			isa = PBXGroup;
			children = (
				90B88F2E1C0CE98900B045CD /* App */,
				90B88F331C0CE9D400B045CD /* Controller */,
				90B88F2F1C0CE9A700B045CD /* Model */,
				90B88EF81C0CE8CF00B045CD /* Supporting Files */,
			);
			path = HotelManager;
			sourceTree = "<group>";
		};
		90B88EF81C0CE8CF00B045CD /* Supporting Files */ = {
			isa = PBXGroup;
			children = (
				90B88F4D1C0CF3EC00B045CD /* hotels.json */,
				90B88F071C0CE8CF00B045CD /* Assets.xcassets */,
				90B88F091C0CE8CF00B045CD /* LaunchScreen.storyboard */,
				90B88F0C1C0CE8CF00B045CD /* Info.plist */,
				90B88EF91C0CE8CF00B045CD /* main.m */,
				90B88F541C0D1B8A00B045CD /* hotelRoom.jpg */,
				90B88F521C0D1B7D00B045CD /* badHotel.jpg */,
			);
			name = "Supporting Files";
			sourceTree = "<group>";
		};
		90B88F141C0CE8CF00B045CD /* HotelManagerTests */ = {
			isa = PBXGroup;
			children = (
				90B88F151C0CE8CF00B045CD /* HotelManagerTests.m */,
				90B88F171C0CE8CF00B045CD /* Info.plist */,
			);
			path = HotelManagerTests;
			sourceTree = "<group>";
		};
		90B88F1F1C0CE8CF00B045CD /* HotelManagerUITests */ = {
			isa = PBXGroup;
			children = (
				90B88F201C0CE8CF00B045CD /* HotelManagerUITests.m */,
				90B88F221C0CE8CF00B045CD /* Info.plist */,
			);
			path = HotelManagerUITests;
			sourceTree = "<group>";
		};
		90B88F2E1C0CE98900B045CD /* App */ = {
			isa = PBXGroup;
			children = (
				90B88EFB1C0CE8CF00B045CD /* AppDelegate.h */,
				90B88EFC1C0CE8CF00B045CD /* AppDelegate.m */,
			);
			name = App;
			sourceTree = "<group>";
		};
		90B88F2F1C0CE9A700B045CD /* Model */ = {
			isa = PBXGroup;
			children = (
				90B88F4C1C0CEF2900B045CD /* CoreDataProperties */,
				90B88F361C0CEF1300B045CD /* Reservation.h */,
				90B88F371C0CEF1300B045CD /* Reservation.m */,
				90B88F3A1C0CEF1300B045CD /* Room.h */,
				90B88F3B1C0CEF1300B045CD /* Room.m */,
				90B88F3E1C0CEF1300B045CD /* Guest.h */,
				90B88F3F1C0CEF1300B045CD /* Guest.m */,
				90B88F421C0CEF1300B045CD /* Hotel.h */,
				90B88F431C0CEF1300B045CD /* Hotel.m */,
				90B88F041C0CE8CF00B045CD /* HotelManager.xcdatamodeld */,
			);
			name = Model;
			sourceTree = "<group>";
		};
		90B88F331C0CE9D400B045CD /* Controller */ = {
			isa = PBXGroup;
			children = (
				90B88F301C0CE9C100B045CD /* HomeViewController.h */,
				90B88F311C0CE9C100B045CD /* HomeViewController.m */,
				9019E9001C0E48D2005A6BE6 /* Browse */,
				9019E9011C0E48DA005A6BE6 /* Book */,
			);
			name = Controller;
			path = ..;
			sourceTree = "<group>";
		};
		90B88F4C1C0CEF2900B045CD /* CoreDataProperties */ = {
			isa = PBXGroup;
			children = (
				90B88F341C0CEF1300B045CD /* Reservation+CoreDataProperties.h */,
				90B88F351C0CEF1300B045CD /* Reservation+CoreDataProperties.m */,
				90B88F381C0CEF1300B045CD /* Room+CoreDataProperties.h */,
				90B88F391C0CEF1300B045CD /* Room+CoreDataProperties.m */,
				90B88F3C1C0CEF1300B045CD /* Guest+CoreDataProperties.h */,
				90B88F3D1C0CEF1300B045CD /* Guest+CoreDataProperties.m */,
				90B88F401C0CEF1300B045CD /* Hotel+CoreDataProperties.h */,
				90B88F411C0CEF1300B045CD /* Hotel+CoreDataProperties.m */,
			);
			name = CoreDataProperties;
			sourceTree = "<group>";
		};
/* End PBXGroup section */

/* Begin PBXNativeTarget section */
		90B88EF41C0CE8CF00B045CD /* HotelManager */ = {
			isa = PBXNativeTarget;
			buildConfigurationList = 90B88F251C0CE8CF00B045CD /* Build configuration list for PBXNativeTarget "HotelManager" */;
			buildPhases = (
				90B88EF11C0CE8CF00B045CD /* Sources */,
				90B88EF21C0CE8CF00B045CD /* Frameworks */,
				90B88EF31C0CE8CF00B045CD /* Resources */,
			);
			buildRules = (
			);
			dependencies = (
			);
			name = HotelManager;
			productName = HotelManager;
			productReference = 90B88EF51C0CE8CF00B045CD /* HotelManager.app */;
			productType = "com.apple.product-type.application";
		};
		90B88F101C0CE8CF00B045CD /* HotelManagerTests */ = {
			isa = PBXNativeTarget;
			buildConfigurationList = 90B88F281C0CE8CF00B045CD /* Build configuration list for PBXNativeTarget "HotelManagerTests" */;
			buildPhases = (
				90B88F0D1C0CE8CF00B045CD /* Sources */,
				90B88F0E1C0CE8CF00B045CD /* Frameworks */,
				90B88F0F1C0CE8CF00B045CD /* Resources */,
			);
			buildRules = (
			);
			dependencies = (
				90B88F131C0CE8CF00B045CD /* PBXTargetDependency */,
			);
			name = HotelManagerTests;
			productName = HotelManagerTests;
			productReference = 90B88F111C0CE8CF00B045CD /* HotelManagerTests.xctest */;
			productType = "com.apple.product-type.bundle.unit-test";
		};
		90B88F1B1C0CE8CF00B045CD /* HotelManagerUITests */ = {
			isa = PBXNativeTarget;
			buildConfigurationList = 90B88F2B1C0CE8CF00B045CD /* Build configuration list for PBXNativeTarget "HotelManagerUITests" */;
			buildPhases = (
				90B88F181C0CE8CF00B045CD /* Sources */,
				90B88F191C0CE8CF00B045CD /* Frameworks */,
				90B88F1A1C0CE8CF00B045CD /* Resources */,
			);
			buildRules = (
			);
			dependencies = (
				90B88F1E1C0CE8CF00B045CD /* PBXTargetDependency */,
			);
			name = HotelManagerUITests;
			productName = HotelManagerUITests;
			productReference = 90B88F1C1C0CE8CF00B045CD /* HotelManagerUITests.xctest */;
			productType = "com.apple.product-type.bundle.ui-testing";
		};
/* End PBXNativeTarget section */

/* Begin PBXProject section */
		90B88EED1C0CE8CF00B045CD /* Project object */ = {
			isa = PBXProject;
			attributes = {
				LastUpgradeCheck = 0710;
				ORGANIZATIONNAME = creeperspeak;
				TargetAttributes = {
					90B88EF41C0CE8CF00B045CD = {
						CreatedOnToolsVersion = 7.1.1;
					};
					90B88F101C0CE8CF00B045CD = {
						CreatedOnToolsVersion = 7.1.1;
						TestTargetID = 90B88EF41C0CE8CF00B045CD;
					};
					90B88F1B1C0CE8CF00B045CD = {
						CreatedOnToolsVersion = 7.1.1;
						TestTargetID = 90B88EF41C0CE8CF00B045CD;
					};
				};
			};
			buildConfigurationList = 90B88EF01C0CE8CF00B045CD /* Build configuration list for PBXProject "HotelManager" */;
			compatibilityVersion = "Xcode 3.2";
			developmentRegion = English;
			hasScannedForEncodings = 0;
			knownRegions = (
				en,
				Base,
			);
			mainGroup = 90B88EEC1C0CE8CF00B045CD;
			productRefGroup = 90B88EF61C0CE8CF00B045CD /* Products */;
			projectDirPath = "";
			projectRoot = "";
			targets = (
				90B88EF41C0CE8CF00B045CD /* HotelManager */,
				90B88F101C0CE8CF00B045CD /* HotelManagerTests */,
				90B88F1B1C0CE8CF00B045CD /* HotelManagerUITests */,
			);
		};
/* End PBXProject section */

/* Begin PBXResourcesBuildPhase section */
		90B88EF31C0CE8CF00B045CD /* Resources */ = {
			isa = PBXResourcesBuildPhase;
			buildActionMask = 2147483647;
			files = (
				90B88F551C0D1B8A00B045CD /* hotelRoom.jpg in Resources */,
				90B88F4E1C0CF3EC00B045CD /* hotels.json in Resources */,
				90B88F0B1C0CE8CF00B045CD /* LaunchScreen.storyboard in Resources */,
				90B88F531C0D1B7D00B045CD /* badHotel.jpg in Resources */,
				90B88F081C0CE8CF00B045CD /* Assets.xcassets in Resources */,
			);
			runOnlyForDeploymentPostprocessing = 0;
		};
		90B88F0F1C0CE8CF00B045CD /* Resources */ = {
			isa = PBXResourcesBuildPhase;
			buildActionMask = 2147483647;
			files = (
			);
			runOnlyForDeploymentPostprocessing = 0;
		};
		90B88F1A1C0CE8CF00B045CD /* Resources */ = {
			isa = PBXResourcesBuildPhase;
			buildActionMask = 2147483647;
			files = (
			);
			runOnlyForDeploymentPostprocessing = 0;
		};
/* End PBXResourcesBuildPhase section */

/* Begin PBXSourcesBuildPhase section */
		90B88EF11C0CE8CF00B045CD /* Sources */ = {
			isa = PBXSourcesBuildPhase;
			buildActionMask = 2147483647;
			files = (
				9019E8FF1C0E3641005A6BE6 /* BookViewController.m in Sources */,
				9019E9041C0E48EC005A6BE6 /* AvailabilityViewController.m in Sources */,
				90B88F461C0CEF1300B045CD /* Room+CoreDataProperties.m in Sources */,
				90B88F511C0D0E9300B045CD /* HotelsViewController.m in Sources */,
				90B88F451C0CEF1300B045CD /* Reservation.m in Sources */,
				90B88F481C0CEF1300B045CD /* Guest+CoreDataProperties.m in Sources */,
				90B88F061C0CE8CF00B045CD /* HotelManager.xcdatamodeld in Sources */,
				90B88EFD1C0CE8CF00B045CD /* AppDelegate.m in Sources */,
				90B88F4A1C0CEF1300B045CD /* Hotel+CoreDataProperties.m in Sources */,
				90B88F4B1C0CEF1300B045CD /* Hotel.m in Sources */,
				90B88EFA1C0CE8CF00B045CD /* main.m in Sources */,
				90B88F491C0CEF1300B045CD /* Guest.m in Sources */,
				90B88F441C0CEF1300B045CD /* Reservation+CoreDataProperties.m in Sources */,
				9019E9071C0E614D005A6BE6 /* FinalBookingViewController.m in Sources */,
				90B88F581C0D1D7300B045CD /* RoomsViewController.m in Sources */,
				90B88F471C0CEF1300B045CD /* Room.m in Sources */,
				90B88F321C0CE9C100B045CD /* HomeViewController.m in Sources */,
			);
			runOnlyForDeploymentPostprocessing = 0;
		};
		90B88F0D1C0CE8CF00B045CD /* Sources */ = {
			isa = PBXSourcesBuildPhase;
			buildActionMask = 2147483647;
			files = (
				90B88F161C0CE8CF00B045CD /* HotelManagerTests.m in Sources */,
			);
			runOnlyForDeploymentPostprocessing = 0;
		};
		90B88F181C0CE8CF00B045CD /* Sources */ = {
			isa = PBXSourcesBuildPhase;
			buildActionMask = 2147483647;
			files = (
				90B88F211C0CE8CF00B045CD /* HotelManagerUITests.m in Sources */,
			);
			runOnlyForDeploymentPostprocessing = 0;
		};
/* End PBXSourcesBuildPhase section */

/* Begin PBXTargetDependency section */
		90B88F131C0CE8CF00B045CD /* PBXTargetDependency */ = {
			isa = PBXTargetDependency;
			target = 90B88EF41C0CE8CF00B045CD /* HotelManager */;
			targetProxy = 90B88F121C0CE8CF00B045CD /* PBXContainerItemProxy */;
		};
		90B88F1E1C0CE8CF00B045CD /* PBXTargetDependency */ = {
			isa = PBXTargetDependency;
			target = 90B88EF41C0CE8CF00B045CD /* HotelManager */;
			targetProxy = 90B88F1D1C0CE8CF00B045CD /* PBXContainerItemProxy */;
		};
/* End PBXTargetDependency section */

/* Begin PBXVariantGroup section */
		90B88F091C0CE8CF00B045CD /* LaunchScreen.storyboard */ = {
			isa = PBXVariantGroup;
			children = (
				90B88F0A1C0CE8CF00B045CD /* Base */,
			);
			name = LaunchScreen.storyboard;
			sourceTree = "<group>";
		};
/* End PBXVariantGroup section */

/* Begin XCBuildConfiguration section */
		90B88F231C0CE8CF00B045CD /* Debug */ = {
			isa = XCBuildConfiguration;
			buildSettings = {
				ALWAYS_SEARCH_USER_PATHS = NO;
				CLANG_CXX_LANGUAGE_STANDARD = "gnu++0x";
				CLANG_CXX_LIBRARY = "libc++";
				CLANG_ENABLE_MODULES = YES;
				CLANG_ENABLE_OBJC_ARC = YES;
				CLANG_WARN_BOOL_CONVERSION = YES;
				CLANG_WARN_CONSTANT_CONVERSION = YES;
				CLANG_WARN_DIRECT_OBJC_ISA_USAGE = YES_ERROR;
				CLANG_WARN_EMPTY_BODY = YES;
				CLANG_WARN_ENUM_CONVERSION = YES;
				CLANG_WARN_INT_CONVERSION = YES;
				CLANG_WARN_OBJC_ROOT_CLASS = YES_ERROR;
				CLANG_WARN_UNREACHABLE_CODE = YES;
				CLANG_WARN__DUPLICATE_METHOD_MATCH = YES;
				"CODE_SIGN_IDENTITY[sdk=iphoneos*]" = "iPhone Developer";
				COPY_PHASE_STRIP = NO;
				DEBUG_INFORMATION_FORMAT = dwarf;
				ENABLE_STRICT_OBJC_MSGSEND = YES;
				ENABLE_TESTABILITY = YES;
				GCC_C_LANGUAGE_STANDARD = gnu99;
				GCC_DYNAMIC_NO_PIC = NO;
				GCC_NO_COMMON_BLOCKS = YES;
				GCC_OPTIMIZATION_LEVEL = 0;
				GCC_PREPROCESSOR_DEFINITIONS = (
					"DEBUG=1",
					"$(inherited)",
				);
				GCC_WARN_64_TO_32_BIT_CONVERSION = YES;
				GCC_WARN_ABOUT_RETURN_TYPE = YES_ERROR;
				GCC_WARN_UNDECLARED_SELECTOR = YES;
				GCC_WARN_UNINITIALIZED_AUTOS = YES_AGGRESSIVE;
				GCC_WARN_UNUSED_FUNCTION = YES;
				GCC_WARN_UNUSED_VARIABLE = YES;
				IPHONEOS_DEPLOYMENT_TARGET = 9.1;
				MTL_ENABLE_DEBUG_INFO = YES;
				ONLY_ACTIVE_ARCH = YES;
				SDKROOT = iphoneos;
				TARGETED_DEVICE_FAMILY = "1,2";
			};
			name = Debug;
		};
		90B88F241C0CE8CF00B045CD /* Release */ = {
			isa = XCBuildConfiguration;
			buildSettings = {
				ALWAYS_SEARCH_USER_PATHS = NO;
				CLANG_CXX_LANGUAGE_STANDARD = "gnu++0x";
				CLANG_CXX_LIBRARY = "libc++";
				CLANG_ENABLE_MODULES = YES;
				CLANG_ENABLE_OBJC_ARC = YES;
				CLANG_WARN_BOOL_CONVERSION = YES;
				CLANG_WARN_CONSTANT_CONVERSION = YES;
				CLANG_WARN_DIRECT_OBJC_ISA_USAGE = YES_ERROR;
				CLANG_WARN_EMPTY_BODY = YES;
				CLANG_WARN_ENUM_CONVERSION = YES;
				CLANG_WARN_INT_CONVERSION = YES;
				CLANG_WARN_OBJC_ROOT_CLASS = YES_ERROR;
				CLANG_WARN_UNREACHABLE_CODE = YES;
				CLANG_WARN__DUPLICATE_METHOD_MATCH = YES;
				"CODE_SIGN_IDENTITY[sdk=iphoneos*]" = "iPhone Developer";
				COPY_PHASE_STRIP = NO;
				DEBUG_INFORMATION_FORMAT = "dwarf-with-dsym";
				ENABLE_NS_ASSERTIONS = NO;
				ENABLE_STRICT_OBJC_MSGSEND = YES;
				GCC_C_LANGUAGE_STANDARD = gnu99;
				GCC_NO_COMMON_BLOCKS = YES;
				GCC_WARN_64_TO_32_BIT_CONVERSION = YES;
				GCC_WARN_ABOUT_RETURN_TYPE = YES_ERROR;
				GCC_WARN_UNDECLARED_SELECTOR = YES;
				GCC_WARN_UNINITIALIZED_AUTOS = YES_AGGRESSIVE;
				GCC_WARN_UNUSED_FUNCTION = YES;
				GCC_WARN_UNUSED_VARIABLE = YES;
				IPHONEOS_DEPLOYMENT_TARGET = 9.1;
				MTL_ENABLE_DEBUG_INFO = NO;
				SDKROOT = iphoneos;
				TARGETED_DEVICE_FAMILY = "1,2";
				VALIDATE_PRODUCT = YES;
			};
			name = Release;
		};
		90B88F261C0CE8CF00B045CD /* Debug */ = {
			isa = XCBuildConfiguration;
			buildSettings = {
				ASSETCATALOG_COMPILER_APPICON_NAME = AppIcon;
				INFOPLIST_FILE = HotelManager/Info.plist;
				IPHONEOS_DEPLOYMENT_TARGET = 8.0;
				LD_RUNPATH_SEARCH_PATHS = "$(inherited) @executable_path/Frameworks";
				PRODUCT_BUNDLE_IDENTIFIER = com.creeperspeak.HotelManager;
				PRODUCT_NAME = "$(TARGET_NAME)";
			};
			name = Debug;
		};
		90B88F271C0CE8CF00B045CD /* Release */ = {
			isa = XCBuildConfiguration;
			buildSettings = {
				ASSETCATALOG_COMPILER_APPICON_NAME = AppIcon;
				INFOPLIST_FILE = HotelManager/Info.plist;
				IPHONEOS_DEPLOYMENT_TARGET = 8.0;
				LD_RUNPATH_SEARCH_PATHS = "$(inherited) @executable_path/Frameworks";
				PRODUCT_BUNDLE_IDENTIFIER = com.creeperspeak.HotelManager;
				PRODUCT_NAME = "$(TARGET_NAME)";
			};
			name = Release;
		};
		90B88F291C0CE8CF00B045CD /* Debug */ = {
			isa = XCBuildConfiguration;
			buildSettings = {
				BUNDLE_LOADER = "$(TEST_HOST)";
				INFOPLIST_FILE = HotelManagerTests/Info.plist;
				LD_RUNPATH_SEARCH_PATHS = "$(inherited) @executable_path/Frameworks @loader_path/Frameworks";
				PRODUCT_BUNDLE_IDENTIFIER = com.creeperspeak.HotelManagerTests;
				PRODUCT_NAME = "$(TARGET_NAME)";
				TEST_HOST = "$(BUILT_PRODUCTS_DIR)/HotelManager.app/HotelManager";
			};
			name = Debug;
		};
		90B88F2A1C0CE8CF00B045CD /* Release */ = {
			isa = XCBuildConfiguration;
			buildSettings = {
				BUNDLE_LOADER = "$(TEST_HOST)";
				INFOPLIST_FILE = HotelManagerTests/Info.plist;
				LD_RUNPATH_SEARCH_PATHS = "$(inherited) @executable_path/Frameworks @loader_path/Frameworks";
				PRODUCT_BUNDLE_IDENTIFIER = com.creeperspeak.HotelManagerTests;
				PRODUCT_NAME = "$(TARGET_NAME)";
				TEST_HOST = "$(BUILT_PRODUCTS_DIR)/HotelManager.app/HotelManager";
			};
			name = Release;
		};
		90B88F2C1C0CE8CF00B045CD /* Debug */ = {
			isa = XCBuildConfiguration;
			buildSettings = {
				INFOPLIST_FILE = HotelManagerUITests/Info.plist;
				LD_RUNPATH_SEARCH_PATHS = "$(inherited) @executable_path/Frameworks @loader_path/Frameworks";
				PRODUCT_BUNDLE_IDENTIFIER = com.creeperspeak.HotelManagerUITests;
				PRODUCT_NAME = "$(TARGET_NAME)";
				TEST_TARGET_NAME = HotelManager;
				USES_XCTRUNNER = YES;
			};
			name = Debug;
		};
		90B88F2D1C0CE8CF00B045CD /* Release */ = {
			isa = XCBuildConfiguration;
			buildSettings = {
				INFOPLIST_FILE = HotelManagerUITests/Info.plist;
				LD_RUNPATH_SEARCH_PATHS = "$(inherited) @executable_path/Frameworks @loader_path/Frameworks";
				PRODUCT_BUNDLE_IDENTIFIER = com.creeperspeak.HotelManagerUITests;
				PRODUCT_NAME = "$(TARGET_NAME)";
				TEST_TARGET_NAME = HotelManager;
				USES_XCTRUNNER = YES;
			};
			name = Release;
		};
/* End XCBuildConfiguration section */

/* Begin XCConfigurationList section */
		90B88EF01C0CE8CF00B045CD /* Build configuration list for PBXProject "HotelManager" */ = {
			isa = XCConfigurationList;
			buildConfigurations = (
				90B88F231C0CE8CF00B045CD /* Debug */,
				90B88F241C0CE8CF00B045CD /* Release */,
			);
			defaultConfigurationIsVisible = 0;
			defaultConfigurationName = Release;
		};
		90B88F251C0CE8CF00B045CD /* Build configuration list for PBXNativeTarget "HotelManager" */ = {
			isa = XCConfigurationList;
			buildConfigurations = (
				90B88F261C0CE8CF00B045CD /* Debug */,
				90B88F271C0CE8CF00B045CD /* Release */,
			);
			defaultConfigurationIsVisible = 0;
			defaultConfigurationName = Release;
		};
		90B88F281C0CE8CF00B045CD /* Build configuration list for PBXNativeTarget "HotelManagerTests" */ = {
			isa = XCConfigurationList;
			buildConfigurations = (
				90B88F291C0CE8CF00B045CD /* Debug */,
				90B88F2A1C0CE8CF00B045CD /* Release */,
			);
			defaultConfigurationIsVisible = 0;
			defaultConfigurationName = Release;
		};
		90B88F2B1C0CE8CF00B045CD /* Build configuration list for PBXNativeTarget "HotelManagerUITests" */ = {
			isa = XCConfigurationList;
			buildConfigurations = (
				90B88F2C1C0CE8CF00B045CD /* Debug */,
				90B88F2D1C0CE8CF00B045CD /* Release */,
			);
			defaultConfigurationIsVisible = 0;
			defaultConfigurationName = Release;
		};
/* End XCConfigurationList section */

/* Begin XCVersionGroup section */
		90B88F041C0CE8CF00B045CD /* HotelManager.xcdatamodeld */ = {
			isa = XCVersionGroup;
			children = (
				90B88F051C0CE8CF00B045CD /* HotelManager.xcdatamodel */,
			);
			currentVersion = 90B88F051C0CE8CF00B045CD /* HotelManager.xcdatamodel */;
			path = HotelManager.xcdatamodeld;
			sourceTree = "<group>";
			versionGroupType = wrapper.xcdatamodel;
		};
/* End XCVersionGroup section */
	};
	rootObject = 90B88EED1C0CE8CF00B045CD /* Project object */;
}
